
Microsoft Visual Studio Solution File, Format Version 12.00
# Visual Studio Version 17
VisualStudioVersion = 17.10.35013.160
MinimumVisualStudioVersion = 10.0.40219.1
Project("{9A19103F-16F7-4668-BE54-9A1E7A4F7556}") = "WebCrawler", "WebCrawler\WebCrawler.csproj", "{AE28CCE8-D805-432B-85BF-7B7DC4294475}"
EndProject
Project("{9A19103F-16F7-4668-BE54-9A1E7A4F7556}") = "WebCrawlerTests", "WebCrawlerTests\WebCrawlerTests.csproj", "{9DC7BB26-F183-46D7-8DDA-09D852AE7BF3}"
EndProject
Global
	GlobalSection(SolutionConfigurationPlatforms) = preSolution
		Debug|Any CPU = Debug|Any CPU
		Release|Any CPU = Release|Any CPU
	EndGlobalSection
	GlobalSection(ProjectConfigurationPlatforms) = postSolution
		{AE28CCE8-D805-432B-85BF-7B7DC4294475}.Debug|Any CPU.ActiveCfg = Debug|Any CPU
		{AE28CCE8-D805-432B-85BF-7B7DC4294475}.Debug|Any CPU.Build.0 = Debug|Any CPU
		{AE28CCE8-D805-432B-85BF-7B7DC4294475}.Release|Any CPU.ActiveCfg = Release|Any CPU
		{AE28CCE8-D805-432B-85BF-7B7DC4294475}.Release|Any CPU.Build.0 = Release|Any CPU
		{9DC7BB26-F183-46D7-8DDA-09D852AE7BF3}.Debug|Any CPU.ActiveCfg = Debug|Any CPU
		{9DC7BB26-F183-46D7-8DDA-09D852AE7BF3}.Debug|Any CPU.Build.0 = Debug|Any CPU
		{9DC7BB26-F183-46D7-8DDA-09D852AE7BF3}.Release|Any CPU.ActiveCfg = Release|Any CPU
		{9DC7BB26-F183-46D7-8DDA-09D852AE7BF3}.Release|Any CPU.Build.0 = Release|Any CPU
	EndGlobalSection
	GlobalSection(SolutionProperties) = preSolution
		HideSolutionNode = FALSE
	EndGlobalSection
	GlobalSection(ExtensibilityGlobals) = postSolution
		SolutionGuid = {369A661E-4449-41DE-BCD4-C5092C90A0EB}
	EndGlobalSection
EndGlobal
